
Microsoft Visual Studio Solution File, Format Version 12.00
# Visual Studio 15
VisualStudioVersion = 15.0.28307.902
MinimumVisualStudioVersion = 10.0.40219.1
Project("{FAE04EC0-301F-11D3-BF4B-00C04F79EFBC}") = "Products", "Products\Products.csproj", "{FC234B95-06A1-40F4-A37C-5EDBD5185F16}"
EndProject
Global
	GlobalSection(SolutionConfigurationPlatforms) = preSolution
		Debug|Any CPU = Debug|Any CPU
		Release|Any CPU = Release|Any CPU
	EndGlobalSection
	GlobalSection(ProjectConfigurationPlatforms) = postSolution
		{FC234B95-06A1-40F4-A37C-5EDBD5185F16}.Debug|Any CPU.ActiveCfg = Debug|Any CPU
		{FC234B95-06A1-40F4-A37C-5EDBD5185F16}.Debug|Any CPU.Build.0 = Debug|Any CPU
		{FC234B95-06A1-40F4-A37C-5EDBD5185F16}.Release|Any CPU.ActiveCfg = Release|Any CPU
		{FC234B95-06A1-40F4-A37C-5EDBD5185F16}.Release|Any CPU.Build.0 = Release|Any CPU
	EndGlobalSection
	GlobalSection(SolutionProperties) = preSolution
		HideSolutionNode = FALSE
	EndGlobalSection
	GlobalSection(ExtensibilityGlobals) = postSolution
		SolutionGuid = {976257C8-A82C-46F6-946E-B0A1029F69FB}
	EndGlobalSection
EndGlobal
